{
  "version": "5",
  "specifiers": {
    "jsr:@hono/hono@^4.12.24": "4.12.24",
    "npm:postgres@^3.4.9": "3.4.9"
  },
  "jsr": {
    "@hono/hono@4.12.24": {
      "integrity": "a74a40f06ae6704ddd0e8e576f6da9d34666c3e1e0f5412a2c1ff800ffd092f4"
    }
  },
  "npm": {
    "postgres@3.4.9": {
      "integrity": "sha512-GD3qdB0x1z9xgFI6cdRD6xu2Sp2WCOEoe3mtnyB5Ee0XrrL5Pe+e4CCnJrRMnL1zYtRDZmQQVbvOttLnKDLnaw=="
    }
  },
  "workspace": {
    "dependencies": [
      "jsr:@hono/hono@^4.12.24",
      "npm:postgres@^3.4.9"
    ]
  }
}
